# THIS IS AN AUTOGENERATED FILE. DO NOT EDIT THIS FILE DIRECTLY.
# yarn lockfile v1


"@sindresorhus/is@^0.11.0":
  "integrity" "sha512-i5Zh5+3QARyXtzq3Bd2Lg3aBRFLcgYbNoap3Hyu1uRN8X+D+0JMqqc4uk4XjhNxfVdCnL8WHUA2wxa33QCC50w=="
  "resolved" "https://registry.npmjs.org/@sindresorhus/is/-/is-0.11.0.tgz"
  "version" "0.11.0"
  dependencies:
    "symbol-observable" "^1.2.0"

"@szmarczak/http-timer@^1.1.0":
  "integrity" "sha512-WljfOGkmSJe8SUkl+4TPvN2ec0dpUGVyfTBQLoXJUiILs+wBSc4Kvp2N3aAWE4VwwDSLGdmD3/bufS5BgZpVSQ=="
  "resolved" "https://registry.npmjs.org/@szmarczak/http-timer/-/http-timer-1.1.1.tgz"
  "version" "1.1.1"
  dependencies:
    "defer-to-connect" "^1.0.1"

"cacheable-request@^5.0.0":
  "integrity" "sha512-gU53XCfodl+GZ37ecX/uLobGE+WvgE2QE3VfhX7sPf04Kc35tNPip3IfCKfqJ2e04HLuHRxFCWgGWttv8OQbfw=="
  "resolved" "https://registry.npmjs.org/cacheable-request/-/cacheable-request-5.0.0.tgz"
  "version" "5.0.0"
  dependencies:
    "clone-response" "^1.0.2"
    "get-stream" "^4.0.0"
    "http-cache-semantics" "^4.0.0"
    "keyv" "^3.0.0"
    "lowercase-keys" "^1.0.1"
    "normalize-url" "^3.1.0"
    "responselike" "^1.0.2"

"clone-response@^1.0.2":
  "integrity" "sha512-yjLXh88P599UOyPTFX0POsd7WxnbsVsGohcwzHOLspIhhpalPw1BcqED8NblyZLKcGrL8dTgMlcaZxV2jAD41Q=="
  "resolved" "https://registry.npmjs.org/clone-response/-/clone-response-1.0.2.tgz"
  "version" "1.0.2"
  dependencies:
    "mimic-response" "^1.0.0"

"decompress-response@^3.3.0":
  "integrity" "sha512-BzRPQuY1ip+qDonAOz42gRm/pg9F768C+npV/4JOsxRC2sq+Rlk+Q4ZCAsOhnIaMrgarILY+RMUIvMmmX1qAEA=="
  "resolved" "https://registry.npmjs.org/decompress-response/-/decompress-response-3.3.0.tgz"
  "version" "3.3.0"
  dependencies:
    "mimic-response" "^1.0.0"

"defer-to-connect@^1.0.1":
  "integrity" "sha512-2e0FJesseUqQj671gvZWfUyxpnFx/5n4xleamlpCD3U6Fm5dh5qzmmLNxNhtmHF06+SYVHH8QU6FACffYTnj0Q=="
  "resolved" "https://registry.npmjs.org/defer-to-connect/-/defer-to-connect-1.0.1.tgz"
  "version" "1.0.1"

"duplexer3@^0.1.4":
  "integrity" "sha512-CEj8FwwNA4cVH2uFCoHUrmojhYh1vmCdOaneKJXwkeY1i9jnlslVo9dx+hQ5Hl9GnH/Bwy/IjxAyOePyPKYnzA=="
  "resolved" "https://registry.npmjs.org/duplexer3/-/duplexer3-0.1.4.tgz"
  "version" "0.1.4"

"end-of-stream@^1.1.0":
  "integrity" "sha512-1MkrZNvWTKCaigbn+W15elq2BB/L22nqrSY5DKlo3X6+vclJm8Bb5djXJBmEX6fS3+zCh/F4VBK5Z2KxJt4s2Q=="
  "resolved" "https://registry.npmjs.org/end-of-stream/-/end-of-stream-1.4.1.tgz"
  "version" "1.4.1"
  dependencies:
    "once" "^1.4.0"

"get-stream@^4.0.0":
  "integrity" "sha512-FneLKMENeOR7wOK0/ZXCh+lwqtnPwkeunJjRN28LPqzGvNAhYvrTAhXv6xDm4vsJ0M7lcRbIYHQudKsSy2RtSQ=="
  "resolved" "https://registry.npmjs.org/get-stream/-/get-stream-4.0.0.tgz"
  "version" "4.0.0"
  dependencies:
    "pump" "^3.0.0"

"got@^9.2.1":
  "integrity" "sha512-NntrjQKYtdvTIXUiwPL9kc3gJeJS61UncPVsldGaN1t+k3RdXEUOQcd4zx+mMOnmuDqm2/Gd9PEFSvaQx/so7A=="
  "resolved" "https://registry.npmjs.org/got/-/got-9.2.1.tgz"
  "version" "9.2.1"
  dependencies:
    "@sindresorhus/is" "^0.11.0"
    "@szmarczak/http-timer" "^1.1.0"
    "cacheable-request" "^5.0.0"
    "decompress-response" "^3.3.0"
    "duplexer3" "^0.1.4"
    "get-stream" "^4.0.0"
    "mimic-response" "^1.0.1"
    "p-cancelable" "^0.5.0"
    "to-readable-stream" "^1.0.0"
    "url-parse-lax" "^3.0.0"

"http-cache-semantics@^4.0.0":
  "integrity" "sha512-NtexGRtaV5z3ZUX78W9UDTOJPBdpqms6RmwQXmOhHws7CuQK3cqIoQtnmeqi1VvVD6u6eMMRL0sKE9BCZXTDWQ=="
  "resolved" "https://registry.npmjs.org/http-cache-semantics/-/http-cache-semantics-4.0.0.tgz"
  "version" "4.0.0"

"json-buffer@3.0.0":
  "integrity" "sha512-CuUqjv0FUZIdXkHPI8MezCnFCdaTAacej1TZYulLoAg1h/PhwkdXFN4V/gzY4g+fMBCOV2xF+rp7t2XD2ns/NQ=="
  "resolved" "https://registry.npmjs.org/json-buffer/-/json-buffer-3.0.0.tgz"
  "version" "3.0.0"

"keyv@^3.0.0":
  "integrity" "sha512-9ykJ/46SN/9KPM/sichzQ7OvXyGDYKGTaDlKMGCAlg2UK8KRy4jb0d8sFc+0Tt0YYnThq8X2RZgCg74RPxgcVA=="
  "resolved" "https://registry.npmjs.org/keyv/-/keyv-3.1.0.tgz"
  "version" "3.1.0"
  dependencies:
    "json-buffer" "3.0.0"

"lodash@^4.17.11":
  "integrity" "sha512-cQKh8igo5QUhZ7lg38DYWAxMvjSAKG0A8wGSVimP07SIUEK2UO+arSRKbRZWtelMtN5V0Hkwh5ryOto/SshYIg=="
  "resolved" "https://registry.npmjs.org/lodash/-/lodash-4.17.11.tgz"
  "version" "4.17.11"

"lowercase-keys@^1.0.0", "lowercase-keys@^1.0.1":
  "integrity" "sha512-G2Lj61tXDnVFFOi8VZds+SoQjtQC3dgokKdDG2mTm1tx4m50NUHBOZSBwQQHyy0V12A0JTG4icfZQH+xPyh8VA=="
  "resolved" "https://registry.npmjs.org/lowercase-keys/-/lowercase-keys-1.0.1.tgz"
  "version" "1.0.1"

"mimic-response@^1.0.0", "mimic-response@^1.0.1":
  "integrity" "sha512-j5EctnkH7amfV/q5Hgmoal1g2QHFJRraOtmx0JpIqkxhBhI/lJSl1nMpQ45hVarwNETOoWEimndZ4QK0RHxuxQ=="
  "resolved" "https://registry.npmjs.org/mimic-response/-/mimic-response-1.0.1.tgz"
  "version" "1.0.1"

"normalize-url@^3.1.0":
  "integrity" "sha512-U+JJi7duF1o+u2pynbp2zXDW2/PADgC30f0GsHZtRh+HOcXHnw137TrNlyxxRvWW5fjKd3bcLHPxofWuCjaeZg=="
  "resolved" "https://registry.npmjs.org/normalize-url/-/normalize-url-3.3.0.tgz"
  "version" "3.3.0"

"once@^1.3.1", "once@^1.4.0":
  "integrity" "sha512-lNaJgI+2Q5URQBkccEKHTQOPaXdUxnZZElQTZY0MFUAuaEqe1E+Nyvgdz/aIyNi6Z9MzO5dv1H8n58/GELp3+w=="
  "resolved" "https://registry.npmjs.org/once/-/once-1.4.0.tgz"
  "version" "1.4.0"
  dependencies:
    "wrappy" "1"

"p-cancelable@^0.5.0":
  "integrity" "sha512-vkOBXQgQb03QTOoMeeB5/uS2W3iafXzQLaIh7ChHjEb8DDT06sWJizhdOACL1Sittl5dFqsyumJ4rD1WUF8Isw=="
  "resolved" "https://registry.npmjs.org/p-cancelable/-/p-cancelable-0.5.1.tgz"
  "version" "0.5.1"

"prepend-http@^2.0.0":
  "integrity" "sha512-ravE6m9Atw9Z/jjttRUZ+clIXogdghyZAuWJ3qEzjT+jI/dL1ifAqhZeC5VHzQp1MSt1+jxKkFNemj/iO7tVUA=="
  "resolved" "https://registry.npmjs.org/prepend-http/-/prepend-http-2.0.0.tgz"
  "version" "2.0.0"

"pump@^3.0.0":
  "integrity" "sha512-LwZy+p3SFs1Pytd/jYct4wpv49HiYCqd9Rlc5ZVdk0V+8Yzv6jR5Blk3TRmPL1ft69TxP0IMZGJ+WPFU2BFhww=="
  "resolved" "https://registry.npmjs.org/pump/-/pump-3.0.0.tgz"
  "version" "3.0.0"
  dependencies:
    "end-of-stream" "^1.1.0"
    "once" "^1.3.1"

"responselike@^1.0.2":
  "integrity" "sha512-/Fpe5guzJk1gPqdJLJR5u7eG/gNY4nImjbRDaVWVMRhne55TCmj2i9Q+54PBRfatRC8v/rIiv9BN0pMd9OV5EQ=="
  "resolved" "https://registry.npmjs.org/responselike/-/responselike-1.0.2.tgz"
  "version" "1.0.2"
  dependencies:
    "lowercase-keys" "^1.0.0"

"symbol-observable@^1.2.0":
  "integrity" "sha512-e900nM8RRtGhlV36KGEU9k65K3mPb1WV70OdjfxlG2EAuM1noi/E/BaW/uMhL7bPEssK8QV57vN3esixjUvcXQ=="
  "resolved" "https://registry.npmjs.org/symbol-observable/-/symbol-observable-1.2.0.tgz"
  "version" "1.2.0"

"to-readable-stream@^1.0.0":
  "integrity" "sha512-Iq25XBt6zD5npPhlLVXGFN3/gyR2/qODcKNNyTMd4vbm39HUaOiAM4PMq0eMVC/Tkxz+Zjdsc55g9yyz+Yq00Q=="
  "resolved" "https://registry.npmjs.org/to-readable-stream/-/to-readable-stream-1.0.0.tgz"
  "version" "1.0.0"

"url-parse-lax@^3.0.0":
  "integrity" "sha512-NjFKA0DidqPa5ciFcSrXnAltTtzz84ogy+NebPvfEgAck0+TNg4UJ4IN+fB7zRZfbgUf0syOo9MDxFkDSMuFaQ=="
  "resolved" "https://registry.npmjs.org/url-parse-lax/-/url-parse-lax-3.0.0.tgz"
  "version" "3.0.0"
  dependencies:
    "prepend-http" "^2.0.0"

"wrappy@1":
  "integrity" "sha512-l4Sp/DRseor9wL6EvV2+TuQn63dMkPjZ/sp9XkghTEbV9KlPS1xUsZ3u7/IQO4wxtcFB4bgpQPRcR3QCvezPcQ=="
  "resolved" "https://registry.npmjs.org/wrappy/-/wrappy-1.0.2.tgz"
  "version" "1.0.2"
